{
  "nodes": {
    "darwin": {
      "inputs": {
        "nixpkgs": [
          "unstable"
        ]
      },
      "locked": {
        "lastModified": 1671196037,
        "narHash": "sha256-2+J98SeczFWonbqFLMEAQC7vZEe6I2gM17XYvEmG52I=",
        "owner": "LnL7",
        "repo": "nix-darwin",
        "rev": "adb8ac0453c8b2c40f5bffb578453dbaee838952",
        "type": "github"
      },
      "original": {
        "owner": "LnL7",
        "repo": "nix-darwin",
        "type": "github"
      }
    },
    "emacs-overlay": {
      "inputs": {
        "flake-utils": "flake-utils",
        "nixpkgs": [
          "unstable"
        ]
      },
      "locked": {
        "lastModified": 1663070140,
        "narHash": "sha256-h/3kiqouxqtpLWqyZBLcV1LRHXp33yqBpmrq2q50XFk=",
        "owner": "nix-community",
        "repo": "emacs-overlay",
        "rev": "382683139e3eb1ffb155e34e0e987e77db94aa9c",
        "type": "github"
      },
      "original": {
        "owner": "nix-community",
        "repo": "emacs-overlay",
        "type": "github"
      }
    },
    "flake-utils": {
      "locked": {
        "lastModified": 1659877975,
        "narHash": "sha256-zllb8aq3YO3h8B/U0/J1WBgAL8EX5yWf5pMj3G0NAmc=",
        "owner": "numtide",
        "repo": "flake-utils",
        "rev": "c0e246b9b83f637f4681389ecabcb2681b4f3af0",
        "type": "github"
      },
      "original": {
        "owner": "numtide",
        "repo": "flake-utils",
        "type": "github"
      }
    },
    "home-manager": {
      "inputs": {
        "nixpkgs": [
          "unstable"
        ]
      },
      "locked": {
        "lastModified": 1682977601,
        "narHash": "sha256-F1Va/Uiw2tVNn27FLqWyBkiqDyIm/eCamw9wA/GK8Fw=",
        "owner": "nix-community",
        "repo": "home-manager",
        "rev": "0e4c33d76006c9080d2f228ba1c2308e3e4d7be6",
        "type": "github"
      },
      "original": {
        "owner": "nix-community",
        "repo": "home-manager",
        "type": "github"
      }
    },
    "nixos-hardware": {
      "locked": {
        "lastModified": 1679075297,
        "narHash": "sha256-8TwS7NPQWW9iPejBwWzmjLnK8bQhdOMPpsj3KPAL6x8=",
        "owner": "NixOS",
        "repo": "nixos-hardware",
        "rev": "994584bb26ffa1deeaf56099601ef4bcc487273e",
        "type": "github"
      },
      "original": {
        "owner": "NixOS",
        "ref": "master",
        "repo": "nixos-hardware",
        "type": "github"
      }
    },
    "nixpkgs": {
      "locked": {
        "lastModified": 1683020768,
        "narHash": "sha256-ZyZl6k9NWS5QPwD3NoAVz/eSgodQDvl+y+fu8MVbrHc=",
        "owner": "NixOS",
        "repo": "nixpkgs",
        "rev": "44f30edf5661d86fb3a95841c35127f3d0ea8b0f",
        "type": "github"
      },
      "original": {
        "id": "nixpkgs",
        "type": "indirect"
      }
    },
    "root": {
      "inputs": {
        "darwin": "darwin",
        "emacs-overlay": "emacs-overlay",
        "home-manager": "home-manager",
        "nixos-hardware": "nixos-hardware",
        "nixpkgs": "nixpkgs",
        "spacebar": "spacebar",
        "unstable": "unstable"
      }
    },
    "spacebar": {
      "inputs": {
        "nixpkgs": [
          "unstable"
        ]
      },
      "locked": {
        "lastModified": 1639952514,
        "narHash": "sha256-/uJiVl9oQwrquXG1EePV/FmNhs4o3mOAGhrcSPEbdKE=",
        "owner": "shaunsingh",
        "repo": "spacebar",
        "rev": "fae55fce78f6130bf4d766eae09ae838447c60b4",
        "type": "github"
      },
      "original": {
        "owner": "shaunsingh",
        "repo": "spacebar",
        "type": "github"
      }
    },
    "unstable": {
      "locked": {
        "lastModified": 1683117595,
        "narHash": "sha256-wUBZjLiavZAkCPc2zz6lv25o0EAtNd/jxJf/0nk7f/k=",
        "owner": "nixos",
        "repo": "nixpkgs",
        "rev": "b25fa0c5cb24e4193cb333e8846c15d69d9c093b",
        "type": "github"
      },
      "original": {
        "owner": "nixos",
        "ref": "master",
        "repo": "nixpkgs",
        "type": "github"
      }
    }
  },
  "root": "root",
  "version": 7
}
